
Microsoft Visual Studio Solution File, Format Version 12.00
# Visual Studio Version 17
VisualStudioVersion = 17.14.36705.20 d17.14
MinimumVisualStudioVersion = 10.0.40219.1
Project("{FAE04EC0-301F-11D3-BF4B-00C04F79EFBC}") = "ComputerService", "ComputerService.csproj", "{FF7F1652-B05A-47C1-8A44-C7B02006D561}"
EndProject
Global
	GlobalSection(SolutionConfigurationPlatforms) = preSolution
		Debug|Any CPU = Debug|Any CPU
		Release|Any CPU = Release|Any CPU
	EndGlobalSection
	GlobalSection(ProjectConfigurationPlatforms) = postSolution
		{FF7F1652-B05A-47C1-8A44-C7B02006D561}.Debug|Any CPU.ActiveCfg = Debug|Any CPU
		{FF7F1652-B05A-47C1-8A44-C7B02006D561}.Debug|Any CPU.Build.0 = Debug|Any CPU
		{FF7F1652-B05A-47C1-8A44-C7B02006D561}.Release|Any CPU.ActiveCfg = Release|Any CPU
		{FF7F1652-B05A-47C1-8A44-C7B02006D561}.Release|Any CPU.Build.0 = Release|Any CPU
	EndGlobalSection
	GlobalSection(SolutionProperties) = preSolution
		HideSolutionNode = FALSE
	EndGlobalSection
	GlobalSection(ExtensibilityGlobals) = postSolution
		SolutionGuid = {EA626F07-68E5-4453-9F18-304753D4137E}
	EndGlobalSection
EndGlobal
